
Microsoft Visual Studio Solution File, Format Version 12.00
# Visual Studio Version 17
VisualStudioVersion = 17.2.32602.215
MinimumVisualStudioVersion = 10.0.40219.1
Project("{2150E333-8FDC-42A3-9474-1A3956D46DE8}") = "src", "src", "{D006EB0D-5DEE-467E-9ACF-EDAD3385911B}"
EndProject
Project("{2150E333-8FDC-42A3-9474-1A3956D46DE8}") = "Building Blocks", "Building Blocks", "{66558699-A098-486F-953C-09434D1B5C11}"
EndProject
Project("{2150E333-8FDC-42A3-9474-1A3956D46DE8}") = "Services", "Services", "{660A8A77-627A-4C71-AC8D-1487909E3848}"
EndProject
Project("{2150E333-8FDC-42A3-9474-1A3956D46DE8}") = "Web", "Web", "{89F890A8-85DA-49F1-9D6B-5329F5494F03}"
EndProject
Project("{2150E333-8FDC-42A3-9474-1A3956D46DE8}") = "Identity", "Identity", "{6E12DCC4-B57F-4A5E-85B4-3BF3E770E76C}"
EndProject
Project("{9A19103F-16F7-4668-BE54-9A1E7A4F7556}") = "COLP.Identity.API", "src\services\COLP.Identity.API\COLP.Identity.API.csproj", "{532CDABE-54A0-424F-B378-F167DF39C6BA}"
EndProject
Project("{2150E333-8FDC-42A3-9474-1A3956D46DE8}") = "Core", "Core", "{EF729DD1-5446-46FC-BEED-A4B60C144CA6}"
EndProject
Project("{9A19103F-16F7-4668-BE54-9A1E7A4F7556}") = "COLP.Core", "src\building blocks\COLP.Core\COLP.Core.csproj", "{3A581620-56D9-4B7D-BF0C-41C555D62BBA}"
EndProject
Project("{2150E333-8FDC-42A3-9474-1A3956D46DE8}") = "User", "User", "{64D4BE4E-0CEE-4D93-9084-DD322D80C3CB}"
EndProject
Project("{2150E333-8FDC-42A3-9474-1A3956D46DE8}") = "Person", "Person", "{5218E56F-6500-4BB3-9E85-49F3DA182B2E}"
EndProject
Project("{2150E333-8FDC-42A3-9474-1A3956D46DE8}") = "Operation", "Operation", "{B6CA3E1C-8D05-411B-86DE-354AB7106170}"
EndProject
Project("{2150E333-8FDC-42A3-9474-1A3956D46DE8}") = "Financial", "Financial", "{E737E35E-FCEA-4F5B-81E5-7F5B5611DFED}"
EndProject
Project("{2150E333-8FDC-42A3-9474-1A3956D46DE8}") = "Report", "Report", "{E184E2E6-36BC-4D22-843F-37B1338E89AC}"
EndProject
Project("{2150E333-8FDC-42A3-9474-1A3956D46DE8}") = "Order", "Order", "{139FBA5A-5F20-40C2-A07B-4F0D20590064}"
EndProject
Project("{2150E333-8FDC-42A3-9474-1A3956D46DE8}") = "Notification", "Notification", "{C2433DEA-F466-4F9D-941B-66F711AC085C}"
EndProject
Project("{9A19103F-16F7-4668-BE54-9A1E7A4F7556}") = "COLP.Person.API", "src\services\COLP.Colporteur.API\COLP.Person.API.csproj", "{0248FF93-86FE-4DEF-807D-BF7380E304C2}"
EndProject
Project("{9A19103F-16F7-4668-BE54-9A1E7A4F7556}") = "COLP.Financial.API", "src\services\COLP.Financial.API\COLP.Financial.API.csproj", "{FE5A08D2-13F4-4F03-86C6-2B4E0573B3CC}"
EndProject
Project("{9A19103F-16F7-4668-BE54-9A1E7A4F7556}") = "COLP.Operation.API", "src\services\COLP.Operation.API\COLP.Operation.API.csproj", "{48AC9B95-7CC8-434E-AACC-B31F1D6C5E5A}"
EndProject
Project("{9A19103F-16F7-4668-BE54-9A1E7A4F7556}") = "COLP.Notification.API", "src\services\COLP.Notification.API\COLP.Notification.API.csproj", "{FD32F37E-A245-4B15-902C-BD445B32D299}"
EndProject
Project("{9A19103F-16F7-4668-BE54-9A1E7A4F7556}") = "COLP.Order.API", "src\services\COLP.Order.API\COLP.Order.API.csproj", "{0A92D8FD-57BC-433F-BC7C-910AAB017F7B}"
EndProject
Project("{9A19103F-16F7-4668-BE54-9A1E7A4F7556}") = "COLP.Report.API", "src\services\COLP.Report.API\COLP.Report.API.csproj", "{57A4910A-92B9-4907-AF95-66A58E14F482}"
EndProject
Project("{9A19103F-16F7-4668-BE54-9A1E7A4F7556}") = "COLP.User.API", "src\services\COLP.User.API\COLP.User.API.csproj", "{A592F7EC-D1BE-4B17-B755-84D33C34D2AB}"
EndProject
Project("{2150E333-8FDC-42A3-9474-1A3956D46DE8}") = "Services", "Services", "{0DDD7A32-3F46-4523-B47F-B2FC916AFA6A}"
EndProject
Project("{9A19103F-16F7-4668-BE54-9A1E7A4F7556}") = "COLP.WebAPI.Core", "src\building blocks\COLP.WebAPI.Core\COLP.WebAPI.Core.csproj", "{44DAC0CD-CE6E-4D87-9718-606B874CC975}"
EndProject
Project("{2150E333-8FDC-42A3-9474-1A3956D46DE8}") = "MessageBus", "MessageBus", "{CFE48072-BC43-40FF-82AE-443786CA5C30}"
EndProject
Project("{FAE04EC0-301F-11D3-BF4B-00C04F79EFBC}") = "COLP.MessageBus", "src\building blocks\COLP.MessageBus\COLP.MessageBus.csproj", "{4F48E300-CF5E-41A8-AF5B-00778461461D}"
EndProject
Global
	GlobalSection(SolutionConfigurationPlatforms) = preSolution
		Debug|Any CPU = Debug|Any CPU
		Release|Any CPU = Release|Any CPU
	EndGlobalSection
	GlobalSection(ProjectConfigurationPlatforms) = postSolution
		{532CDABE-54A0-424F-B378-F167DF39C6BA}.Debug|Any CPU.ActiveCfg = Debug|Any CPU
		{532CDABE-54A0-424F-B378-F167DF39C6BA}.Debug|Any CPU.Build.0 = Debug|Any CPU
		{532CDABE-54A0-424F-B378-F167DF39C6BA}.Release|Any CPU.ActiveCfg = Release|Any CPU
		{532CDABE-54A0-424F-B378-F167DF39C6BA}.Release|Any CPU.Build.0 = Release|Any CPU
		{3A581620-56D9-4B7D-BF0C-41C555D62BBA}.Debug|Any CPU.ActiveCfg = Debug|Any CPU
		{3A581620-56D9-4B7D-BF0C-41C555D62BBA}.Debug|Any CPU.Build.0 = Debug|Any CPU
		{3A581620-56D9-4B7D-BF0C-41C555D62BBA}.Release|Any CPU.ActiveCfg = Release|Any CPU
		{3A581620-56D9-4B7D-BF0C-41C555D62BBA}.Release|Any CPU.Build.0 = Release|Any CPU
		{0248FF93-86FE-4DEF-807D-BF7380E304C2}.Debug|Any CPU.ActiveCfg = Debug|Any CPU
		{0248FF93-86FE-4DEF-807D-BF7380E304C2}.Debug|Any CPU.Build.0 = Debug|Any CPU
		{0248FF93-86FE-4DEF-807D-BF7380E304C2}.Release|Any CPU.ActiveCfg = Release|Any CPU
		{0248FF93-86FE-4DEF-807D-BF7380E304C2}.Release|Any CPU.Build.0 = Release|Any CPU
		{FE5A08D2-13F4-4F03-86C6-2B4E0573B3CC}.Debug|Any CPU.ActiveCfg = Debug|Any CPU
		{FE5A08D2-13F4-4F03-86C6-2B4E0573B3CC}.Debug|Any CPU.Build.0 = Debug|Any CPU
		{FE5A08D2-13F4-4F03-86C6-2B4E0573B3CC}.Release|Any CPU.ActiveCfg = Release|Any CPU
		{FE5A08D2-13F4-4F03-86C6-2B4E0573B3CC}.Release|Any CPU.Build.0 = Release|Any CPU
		{48AC9B95-7CC8-434E-AACC-B31F1D6C5E5A}.Debug|Any CPU.ActiveCfg = Debug|Any CPU
		{48AC9B95-7CC8-434E-AACC-B31F1D6C5E5A}.Debug|Any CPU.Build.0 = Debug|Any CPU
		{48AC9B95-7CC8-434E-AACC-B31F1D6C5E5A}.Release|Any CPU.ActiveCfg = Release|Any CPU
		{48AC9B95-7CC8-434E-AACC-B31F1D6C5E5A}.Release|Any CPU.Build.0 = Release|Any CPU
		{FD32F37E-A245-4B15-902C-BD445B32D299}.Debug|Any CPU.ActiveCfg = Debug|Any CPU
		{FD32F37E-A245-4B15-902C-BD445B32D299}.Debug|Any CPU.Build.0 = Debug|Any CPU
		{FD32F37E-A245-4B15-902C-BD445B32D299}.Release|Any CPU.ActiveCfg = Release|Any CPU
		{FD32F37E-A245-4B15-902C-BD445B32D299}.Release|Any CPU.Build.0 = Release|Any CPU
		{0A92D8FD-57BC-433F-BC7C-910AAB017F7B}.Debug|Any CPU.ActiveCfg = Debug|Any CPU
		{0A92D8FD-57BC-433F-BC7C-910AAB017F7B}.Debug|Any CPU.Build.0 = Debug|Any CPU
		{0A92D8FD-57BC-433F-BC7C-910AAB017F7B}.Release|Any CPU.ActiveCfg = Release|Any CPU
		{0A92D8FD-57BC-433F-BC7C-910AAB017F7B}.Release|Any CPU.Build.0 = Release|Any CPU
		{57A4910A-92B9-4907-AF95-66A58E14F482}.Debug|Any CPU.ActiveCfg = Debug|Any CPU
		{57A4910A-92B9-4907-AF95-66A58E14F482}.Debug|Any CPU.Build.0 = Debug|Any CPU
		{57A4910A-92B9-4907-AF95-66A58E14F482}.Release|Any CPU.ActiveCfg = Release|Any CPU
		{57A4910A-92B9-4907-AF95-66A58E14F482}.Release|Any CPU.Build.0 = Release|Any CPU
		{A592F7EC-D1BE-4B17-B755-84D33C34D2AB}.Debug|Any CPU.ActiveCfg = Debug|Any CPU
		{A592F7EC-D1BE-4B17-B755-84D33C34D2AB}.Debug|Any CPU.Build.0 = Debug|Any CPU
		{A592F7EC-D1BE-4B17-B755-84D33C34D2AB}.Release|Any CPU.ActiveCfg = Release|Any CPU
		{A592F7EC-D1BE-4B17-B755-84D33C34D2AB}.Release|Any CPU.Build.0 = Release|Any CPU
		{44DAC0CD-CE6E-4D87-9718-606B874CC975}.Debug|Any CPU.ActiveCfg = Debug|Any CPU
		{44DAC0CD-CE6E-4D87-9718-606B874CC975}.Debug|Any CPU.Build.0 = Debug|Any CPU
		{44DAC0CD-CE6E-4D87-9718-606B874CC975}.Release|Any CPU.ActiveCfg = Release|Any CPU
		{44DAC0CD-CE6E-4D87-9718-606B874CC975}.Release|Any CPU.Build.0 = Release|Any CPU
		{4F48E300-CF5E-41A8-AF5B-00778461461D}.Debug|Any CPU.ActiveCfg = Debug|Any CPU
		{4F48E300-CF5E-41A8-AF5B-00778461461D}.Debug|Any CPU.Build.0 = Debug|Any CPU
		{4F48E300-CF5E-41A8-AF5B-00778461461D}.Release|Any CPU.ActiveCfg = Release|Any CPU
		{4F48E300-CF5E-41A8-AF5B-00778461461D}.Release|Any CPU.Build.0 = Release|Any CPU
	EndGlobalSection
	GlobalSection(SolutionProperties) = preSolution
		HideSolutionNode = FALSE
	EndGlobalSection
	GlobalSection(NestedProjects) = preSolution
		{66558699-A098-486F-953C-09434D1B5C11} = {D006EB0D-5DEE-467E-9ACF-EDAD3385911B}
		{660A8A77-627A-4C71-AC8D-1487909E3848} = {D006EB0D-5DEE-467E-9ACF-EDAD3385911B}
		{89F890A8-85DA-49F1-9D6B-5329F5494F03} = {D006EB0D-5DEE-467E-9ACF-EDAD3385911B}
		{6E12DCC4-B57F-4A5E-85B4-3BF3E770E76C} = {660A8A77-627A-4C71-AC8D-1487909E3848}
		{532CDABE-54A0-424F-B378-F167DF39C6BA} = {6E12DCC4-B57F-4A5E-85B4-3BF3E770E76C}
		{EF729DD1-5446-46FC-BEED-A4B60C144CA6} = {66558699-A098-486F-953C-09434D1B5C11}
		{3A581620-56D9-4B7D-BF0C-41C555D62BBA} = {EF729DD1-5446-46FC-BEED-A4B60C144CA6}
		{64D4BE4E-0CEE-4D93-9084-DD322D80C3CB} = {660A8A77-627A-4C71-AC8D-1487909E3848}
		{5218E56F-6500-4BB3-9E85-49F3DA182B2E} = {660A8A77-627A-4C71-AC8D-1487909E3848}
		{B6CA3E1C-8D05-411B-86DE-354AB7106170} = {660A8A77-627A-4C71-AC8D-1487909E3848}
		{E737E35E-FCEA-4F5B-81E5-7F5B5611DFED} = {660A8A77-627A-4C71-AC8D-1487909E3848}
		{E184E2E6-36BC-4D22-843F-37B1338E89AC} = {660A8A77-627A-4C71-AC8D-1487909E3848}
		{139FBA5A-5F20-40C2-A07B-4F0D20590064} = {660A8A77-627A-4C71-AC8D-1487909E3848}
		{C2433DEA-F466-4F9D-941B-66F711AC085C} = {660A8A77-627A-4C71-AC8D-1487909E3848}
		{0248FF93-86FE-4DEF-807D-BF7380E304C2} = {5218E56F-6500-4BB3-9E85-49F3DA182B2E}
		{FE5A08D2-13F4-4F03-86C6-2B4E0573B3CC} = {E737E35E-FCEA-4F5B-81E5-7F5B5611DFED}
		{48AC9B95-7CC8-434E-AACC-B31F1D6C5E5A} = {B6CA3E1C-8D05-411B-86DE-354AB7106170}
		{FD32F37E-A245-4B15-902C-BD445B32D299} = {C2433DEA-F466-4F9D-941B-66F711AC085C}
		{0A92D8FD-57BC-433F-BC7C-910AAB017F7B} = {139FBA5A-5F20-40C2-A07B-4F0D20590064}
		{57A4910A-92B9-4907-AF95-66A58E14F482} = {E184E2E6-36BC-4D22-843F-37B1338E89AC}
		{A592F7EC-D1BE-4B17-B755-84D33C34D2AB} = {64D4BE4E-0CEE-4D93-9084-DD322D80C3CB}
		{0DDD7A32-3F46-4523-B47F-B2FC916AFA6A} = {66558699-A098-486F-953C-09434D1B5C11}
		{44DAC0CD-CE6E-4D87-9718-606B874CC975} = {0DDD7A32-3F46-4523-B47F-B2FC916AFA6A}
		{CFE48072-BC43-40FF-82AE-443786CA5C30} = {66558699-A098-486F-953C-09434D1B5C11}
		{4F48E300-CF5E-41A8-AF5B-00778461461D} = {CFE48072-BC43-40FF-82AE-443786CA5C30}
	EndGlobalSection
	GlobalSection(ExtensibilityGlobals) = postSolution
		SolutionGuid = {8DD851F4-6B41-4F80-A2F9-F989CA754869}
	EndGlobalSection
EndGlobal
